
Microsoft Visual Studio Solution File, Format Version 12.00
# Visual Studio Version 17
VisualStudioVersion = 17.14.36429.23 d17.14
MinimumVisualStudioVersion = 10.0.40219.1
Project("{FAE04EC0-301F-11D3-BF4B-00C04F79EFBC}") = "Todo-App", "Todo-App\Todo-App.csproj", "{FB101462-8A05-404E-B4D7-C92A47E7AB8E}"
EndProject
Global
	GlobalSection(SolutionConfigurationPlatforms) = preSolution
		Debug|Any CPU = Debug|Any CPU
		Release|Any CPU = Release|Any CPU
	EndGlobalSection
	GlobalSection(ProjectConfigurationPlatforms) = postSolution
		{FB101462-8A05-404E-B4D7-C92A47E7AB8E}.Debug|Any CPU.ActiveCfg = Debug|Any CPU
		{FB101462-8A05-404E-B4D7-C92A47E7AB8E}.Debug|Any CPU.Build.0 = Debug|Any CPU
		{FB101462-8A05-404E-B4D7-C92A47E7AB8E}.Release|Any CPU.ActiveCfg = Release|Any CPU
		{FB101462-8A05-404E-B4D7-C92A47E7AB8E}.Release|Any CPU.Build.0 = Release|Any CPU
	EndGlobalSection
	GlobalSection(SolutionProperties) = preSolution
		HideSolutionNode = FALSE
	EndGlobalSection
	GlobalSection(ExtensibilityGlobals) = postSolution
		SolutionGuid = {614D16F8-B6A1-436F-BDAB-830D7113A556}
	EndGlobalSection
EndGlobal
